<?xml version="1.0" encoding="utf-8"?>
<Project ToolsVersion="4.0" xmlns="http://schemas.microsoft.com/developer/msbuild/2003">
  <ItemGroup>
    <Filter Include="Source Files">
      <UniqueIdentifier>{4FC737F1-C7A5-4376-A066-2A32D752A2FF}</UniqueIdentifier>
      <Extensions>cpp;c;cc;cxx;def;odl;idl;hpj;bat;asm;asmx</Extensions>
    </Filter>
    <Filter Include="Header Files">
      <UniqueIdentifier>{93995380-89BD-4b04-88EB-625FBE52EBFB}</UniqueIdentifier>
      <Extensions>h;hh;hpp;hxx;hm;inl;inc;xsd</Extensions>
    </Filter>
    <Filter Include="Resource Files">
      <UniqueIdentifier>{67DA6AB6-F800-4c08-8B7A-83BB121AAD01}</UniqueIdentifier>
      <Extensions>rc;ico;cur;bmp;dlg;rc2;rct;bin;rgs;gif;jpg;jpeg;jpe;resx;tiff;tif;png;wav;mfcribbon-ms</Extensions>
    </Filter>
  </ItemGroup>
  <ItemGroup>
    <ClCompile Include="main.cpp">
      <Filter>Source Files</Filter>
    </ClCompile>
    <ClCompile Include="States\TestState.cpp">
      <Filter>Source Files</Filter>
    </ClCompile>
    <ClCompile Include="States\StateManager.cpp">
      <Filter>Source Files</Filter>
    </ClCompile>
    <ClCompile Include="States\TriangleState.cpp">
      <Filter>Source Files</Filter>
    </ClCompile>
    <ClCompile Include="glad.c">
      <Filter>Source Files</Filter>
    </ClCompile>
    <ClCompile Include="States\TestLegacyState.cpp">
      <Filter>Source Files</Filter>
    </ClCompile>
    <ClCompile Include="States\QuardState.cpp">
      <Filter>Source Files</Filter>
    </ClCompile>
    <ClCompile Include="States\HouseLegacyState.cpp">
      <Filter>Source Files</Filter>
    </ClCompile>
    <ClCompile Include="States\TabletLegacyState.cpp">
      <Filter>Source Files</Filter>
    </ClCompile>
    <ClCompile Include="States\FlowerLegacyState.cpp">
      <Filter>Source Files</Filter>
    </ClCompile>
    <ClCompile Include="States\WheelColorsState.cpp">
      <Filter>Source Files</Filter>
    </ClCompile>
    <ClCompile Include="States\YingYangLegacyState.cpp">
      <Filter>Source Files</Filter>
    </ClCompile>
    <ClCompile Include="Draw.cpp">
      <Filter>Source Files</Filter>
    </ClCompile>
    <ClCompile Include="Shader.cpp">
      <Filter>Source Files</Filter>
    </ClCompile>
    <ClCompile Include="States\FinkiLogoState.cpp">
      <Filter>Source Files</Filter>
    </ClCompile>
    <ClCompile Include="Renderer.cpp">
      <Filter>Source Files</Filter>
    </ClCompile>
    <ClCompile Include="VertexBuffer.cpp">
      <Filter>Source Files</Filter>
    </ClCompile>
    <ClCompile Include="IndexBuffer.cpp">
      <Filter>Source Files</Filter>
    </ClCompile>
    <ClCompile Include="States\RombState.cpp">
      <Filter>Source Files</Filter>
    </ClCompile>
    <ClCompile Include="States\FlowerState.cpp">
      <Filter>Source Files</Filter>
    </ClCompile>
    <ClCompile Include="States\TransformState.cpp">
      <Filter>Source Files</Filter>
    </ClCompile>
    <ClCompile Include="States\GradientState.cpp">
      <Filter>Source Files</Filter>
    </ClCompile>
    <ClCompile Include="VertexArray.cpp">
      <Filter>Source Files</Filter>
    </ClCompile>
    <ClCompile Include="VertexBufferLayout.cpp">
      <Filter>Source Files</Filter>
    </ClCompile>
    <ClCompile Include="States\PacmanState.cpp">
      <Filter>Source Files</Filter>
    </ClCompile>
    <ClCompile Include="States\TextureTestState.cpp">
      <Filter>Source Files</Filter>
    </ClCompile>
    <ClCompile Include="States\Projection3DState.cpp">
      <Filter>Source Files</Filter>
    </ClCompile>
    <ClCompile Include="States\BallBounceState.cpp">
      <Filter>Source Files</Filter>
    </ClCompile>
    <ClCompile Include="States\CameraState.cpp">
      <Filter>Source Files</Filter>
    </ClCompile>
    <ClCompile Include="Texture.cpp">
      <Filter>Source Files</Filter>
    </ClCompile>
    <ClCompile Include="Entity.cpp">
      <Filter>Source Files</Filter>
    </ClCompile>
    <ClCompile Include="Camera.cpp">
      <Filter>Source Files</Filter>
    </ClCompile>
    <ClCompile Include="States\LightState.cpp">
      <Filter>Source Files</Filter>
    </ClCompile>
    <ClCompile Include="States\ColorCubeState.cpp">
      <Filter>Source Files</Filter>
    </ClCompile>
    <ClCompile Include="States\FinkiLogoState3D.cpp">
      <Filter>Source Files</Filter>
    </ClCompile>
    <ClCompile Include="States\Pacman3DState.cpp">
      <Filter>Source Files</Filter>
    </ClCompile>
    <ClCompile Include="States\TestCubeState.cpp">
      <Filter>Source Files</Filter>
    </ClCompile>
    <ClCompile Include="Vendor\imgui\imgui.cpp">
      <Filter>Source Files</Filter>
    </ClCompile>
    <ClCompile Include="Vendor\imgui\imgui_demo.cpp">
      <Filter>Source Files</Filter>
    </ClCompile>
    <ClCompile Include="Vendor\imgui\imgui_draw.cpp">
      <Filter>Source Files</Filter>
    </ClCompile>
    <ClCompile Include="Vendor\imgui\imgui_impl_glfw_gl3.cpp">
      <Filter>Source Files</Filter>
    </ClCompile>
  </ItemGroup>
  <ItemGroup>
    <ClInclude Include="glitter.h">
      <Filter>Header Files</Filter>
    </ClInclude>
    <ClInclude Include="States\State.h">
      <Filter>Header Files</Filter>
    </ClInclude>
    <ClInclude Include="States\TestState.h">
      <Filter>Header Files</Filter>
    </ClInclude>
    <ClInclude Include="States\StateManager.h">
      <Filter>Header Files</Filter>
    </ClInclude>
    <ClInclude Include="States\TriangleState.h">
      <Filter>Header Files</Filter>
    </ClInclude>
    <ClInclude Include="States\TestLegacyState.h">
      <Filter>Header Files</Filter>
    </ClInclude>
    <ClInclude Include="States\QuardState.h">
      <Filter>Header Files</Filter>
    </ClInclude>
    <ClInclude Include="main.h">
      <Filter>Header Files</Filter>
    </ClInclude>
    <ClInclude Include="States\HouseLegacyState.h">
      <Filter>Header Files</Filter>
    </ClInclude>
    <ClInclude Include="States\TabletLegacyState.h">
      <Filter>Header Files</Filter>
    </ClInclude>
    <ClInclude Include="States\FlowerLegacyState.h">
      <Filter>Header Files</Filter>
    </ClInclude>
    <ClInclude Include="States\WheelColorsState.h">
      <Filter>Header Files</Filter>
    </ClInclude>
    <ClInclude Include="States\YingYangLegacyState.h">
      <Filter>Header Files</Filter>
    </ClInclude>
    <ClInclude Include="Shader.h">
      <Filter>Header Files</Filter>
    </ClInclude>
    <ClInclude Include="States\FinkiLogoState.h">
      <Filter>Header Files</Filter>
    </ClInclude>
    <ClInclude Include="Renderer.h">
      <Filter>Header Files</Filter>
    </ClInclude>
    <ClInclude Include="VertexBuffer.h">
      <Filter>Header Files</Filter>
    </ClInclude>
    <ClInclude Include="IndexBuffer.h">
      <Filter>Header Files</Filter>
    </ClInclude>
    <ClInclude Include="States\RombState.h">
      <Filter>Header Files</Filter>
    </ClInclude>
    <ClInclude Include="States\FlowerState.h">
      <Filter>Header Files</Filter>
    </ClInclude>
    <ClInclude Include="States\TransformState.h">
      <Filter>Header Files</Filter>
    </ClInclude>
    <ClInclude Include="States\GradientState.h">
      <Filter>Header Files</Filter>
    </ClInclude>
    <ClInclude Include="VertexArray.h">
      <Filter>Header Files</Filter>
    </ClInclude>
    <ClInclude Include="VertexBufferLayout.h">
      <Filter>Header Files</Filter>
    </ClInclude>
    <ClInclude Include="States\PacmanState.h">
      <Filter>Header Files</Filter>
    </ClInclude>
    <ClInclude Include="States\TextureTestState.h">
      <Filter>Header Files</Filter>
    </ClInclude>
    <ClInclude Include="States\Projection3DState.h">
      <Filter>Header Files</Filter>
    </ClInclude>
    <ClInclude Include="States\BallBounceState.h">
      <Filter>Header Files</Filter>
    </ClInclude>
    <ClInclude Include="States\CameraState.h">
      <Filter>Header Files</Filter>
    </ClInclude>
    <ClInclude Include="Texture.h">
      <Filter>Header Files</Filter>
    </ClInclude>
    <ClInclude Include="Entity.h">
      <Filter>Header Files</Filter>
    </ClInclude>
    <ClInclude Include="Camera.h">
      <Filter>Header Files</Filter>
    </ClInclude>
    <ClInclude Include="States\LightState.h">
      <Filter>Header Files</Filter>
    </ClInclude>
    <ClInclude Include="States\ColorCubeState.h">
      <Filter>Header Files</Filter>
    </ClInclude>
    <ClInclude Include="States\FinkiLogoState3D.h">
      <Filter>Header Files</Filter>
    </ClInclude>
    <ClInclude Include="States\Pacman3DState.h">
      <Filter>Header Files</Filter>
    </ClInclude>
    <ClInclude Include="States\TestCubeState.h">
      <Filter>Header Files</Filter>
    </ClInclude>
    <ClInclude Include="Vendor\imgui\imconfig.h">
      <Filter>Header Files</Filter>
    </ClInclude>
    <ClInclude Include="Vendor\imgui\imgui.h">
      <Filter>Header Files</Filter>
    </ClInclude>
    <ClInclude Include="Vendor\imgui\imgui_impl_glfw_gl3.h">
      <Filter>Header Files</Filter>
    </ClInclude>
    <ClInclude Include="Vendor\imgui\imgui_internal.h">
      <Filter>Header Files</Filter>
    </ClInclude>
    <ClInclude Include="Vendor\imgui\stb_rect_pack.h">
      <Filter>Header Files</Filter>
    </ClInclude>
    <ClInclude Include="Vendor\imgui\stb_textedit.h">
      <Filter>Header Files</Filter>
    </ClInclude>
    <ClInclude Include="Vendor\imgui\stb_truetype.h">
      <Filter>Header Files</Filter>
    </ClInclude>
  </ItemGroup>
  <ItemGroup>
    <None Include="Resources\Shaders\BasicColor.frag" />
    <None Include="Resources\Shaders\BasicColor.vert" />
    <None Include="Resources\Shaders\BasicTexture.vert" />
    <None Include="Resources\Shaders\BasicTexture.frag" />
    <None Include="Resources\Shaders\Mix2Texture.frag" />
    <None Include="Resources\Shaders\Projection3D.frag" />
    <None Include="Resources\Shaders\Projection3D.vert" />
    <None Include="Resources\Shaders\BallBounce.vert" />
    <None Include="Resources\Shaders\BallBounce.frag" />
    <None Include="Resources\Shaders\Projection3DLight.frag" />
    <None Include="Resources\Shaders\Projection3DLight.vert" />
    <None Include="Resources\Shaders\2.2.basic_lighting.fs" />
    <None Include="Resources\Shaders\2.2.basic_lighting.vs" />
    <None Include="Resources\Shaders\2.2.lamp.fs" />
    <None Include="Resources\Shaders\2.2.lamp.vs" />
    <None Include="Resources\Shaders\ColorCube.frag" />
    <None Include="Resources\Shaders\ColorCube.vert" />
    <None Include="Resources\Shaders\Finki.frag" />
    <None Include="Resources\Shaders\Finki.vert" />
  </ItemGroup>
  <ItemGroup>
    <Image Include="Resources\Textures\awesomeface.png">
      <Filter>Resource Files</Filter>
    </Image>
    <Image Include="Resources\Textures\container.jpg">
      <Filter>Resource Files</Filter>
    </Image>
  </ItemGroup>
</Project>